
Microsoft Visual Studio Solution File, Format Version 12.00
# Visual Studio 15
VisualStudioVersion = 15.0.26730.16
MinimumVisualStudioVersion = 10.0.40219.1
Project("{FAE04EC0-301F-11D3-BF4B-00C04F79EFBC}") = "LargestCommonEnd", "LargestCommonEnd\LargestCommonEnd.csproj", "{81CC18D1-E389-45B6-9A5F-D30B1A23881A}"
EndProject
Project("{FAE04EC0-301F-11D3-BF4B-00C04F79EFBC}") = "RotateAndSum", "RotateAndSum\RotateAndSum.csproj", "{5B497515-F912-439D-8AB7-7344229DD7BF}"
EndProject
Project("{FAE04EC0-301F-11D3-BF4B-00C04F79EFBC}") = "FoldAndSum", "FoldAndSum\FoldAndSum.csproj", "{2C91233F-9679-4D4A-BA8A-0CCF137AD6FE}"
EndProject
Project("{FAE04EC0-301F-11D3-BF4B-00C04F79EFBC}") = "SieveOfEratosthenes", "..\..\SoftUniProjects\ArraysExercises\SieveOfEratosthenes\SieveOfEratosthenes.csproj", "{E518962C-C134-4C71-8DBB-1A5F4EF7D18E}"
EndProject
Project("{FAE04EC0-301F-11D3-BF4B-00C04F79EFBC}") = "CompareCharArrays", "CompareCharArrays\CompareCharArrays.csproj", "{21754D13-1A79-4D47-A216-91A4012AAC88}"
EndProject
Project("{FAE04EC0-301F-11D3-BF4B-00C04F79EFBC}") = "MaxSequenceOfEqualElements", "MaxSequenceOfEqualElements\MaxSequenceOfEqualElements.csproj", "{7D6FE206-0D7C-4342-ADD1-A076057E99AF}"
EndProject
Project("{FAE04EC0-301F-11D3-BF4B-00C04F79EFBC}") = "MaxSequenceOfIncreasingElements", "MaxSequenceOfIncreasingElements\MaxSequenceOfIncreasingElements.csproj", "{1CFFD490-9BD1-4B11-912C-63A24F6BB0D5}"
EndProject
Project("{FAE04EC0-301F-11D3-BF4B-00C04F79EFBC}") = "MostFrequentNumber", "MostFrequentNumber\MostFrequentNumber.csproj", "{199A95AA-5EE1-4207-937B-EB8E3500A969}"
EndProject
Project("{FAE04EC0-301F-11D3-BF4B-00C04F79EFBC}") = "IndexOfLetters", "IndexOfLetters\IndexOfLetters.csproj", "{8C59B39B-172B-4CEA-9F2B-01AC6B7A0587}"
EndProject
Project("{FAE04EC0-301F-11D3-BF4B-00C04F79EFBC}") = "PairsByDifference", "PairsByDifference\PairsByDifference.csproj", "{D7C23D09-3E41-4B7A-9AE6-E8C8B91321EA}"
EndProject
Project("{FAE04EC0-301F-11D3-BF4B-00C04F79EFBC}") = "EqualSums", "EqualSums\EqualSums.csproj", "{FF6E7172-02B6-476D-9509-F10615B5AA7D}"
EndProject
Global
	GlobalSection(SolutionConfigurationPlatforms) = preSolution
		Debug|Any CPU = Debug|Any CPU
		Release|Any CPU = Release|Any CPU
	EndGlobalSection
	GlobalSection(ProjectConfigurationPlatforms) = postSolution
		{81CC18D1-E389-45B6-9A5F-D30B1A23881A}.Debug|Any CPU.ActiveCfg = Debug|Any CPU
		{81CC18D1-E389-45B6-9A5F-D30B1A23881A}.Debug|Any CPU.Build.0 = Debug|Any CPU
		{81CC18D1-E389-45B6-9A5F-D30B1A23881A}.Release|Any CPU.ActiveCfg = Release|Any CPU
		{81CC18D1-E389-45B6-9A5F-D30B1A23881A}.Release|Any CPU.Build.0 = Release|Any CPU
		{5B497515-F912-439D-8AB7-7344229DD7BF}.Debug|Any CPU.ActiveCfg = Debug|Any CPU
		{5B497515-F912-439D-8AB7-7344229DD7BF}.Debug|Any CPU.Build.0 = Debug|Any CPU
		{5B497515-F912-439D-8AB7-7344229DD7BF}.Release|Any CPU.ActiveCfg = Release|Any CPU
		{5B497515-F912-439D-8AB7-7344229DD7BF}.Release|Any CPU.Build.0 = Release|Any CPU
		{2C91233F-9679-4D4A-BA8A-0CCF137AD6FE}.Debug|Any CPU.ActiveCfg = Debug|Any CPU
		{2C91233F-9679-4D4A-BA8A-0CCF137AD6FE}.Debug|Any CPU.Build.0 = Debug|Any CPU
		{2C91233F-9679-4D4A-BA8A-0CCF137AD6FE}.Release|Any CPU.ActiveCfg = Release|Any CPU
		{2C91233F-9679-4D4A-BA8A-0CCF137AD6FE}.Release|Any CPU.Build.0 = Release|Any CPU
		{E518962C-C134-4C71-8DBB-1A5F4EF7D18E}.Debug|Any CPU.ActiveCfg = Debug|Any CPU
		{E518962C-C134-4C71-8DBB-1A5F4EF7D18E}.Debug|Any CPU.Build.0 = Debug|Any CPU
		{E518962C-C134-4C71-8DBB-1A5F4EF7D18E}.Release|Any CPU.ActiveCfg = Release|Any CPU
		{E518962C-C134-4C71-8DBB-1A5F4EF7D18E}.Release|Any CPU.Build.0 = Release|Any CPU
		{21754D13-1A79-4D47-A216-91A4012AAC88}.Debug|Any CPU.ActiveCfg = Debug|Any CPU
		{21754D13-1A79-4D47-A216-91A4012AAC88}.Debug|Any CPU.Build.0 = Debug|Any CPU
		{21754D13-1A79-4D47-A216-91A4012AAC88}.Release|Any CPU.ActiveCfg = Release|Any CPU
		{21754D13-1A79-4D47-A216-91A4012AAC88}.Release|Any CPU.Build.0 = Release|Any CPU
		{7D6FE206-0D7C-4342-ADD1-A076057E99AF}.Debug|Any CPU.ActiveCfg = Debug|Any CPU
		{7D6FE206-0D7C-4342-ADD1-A076057E99AF}.Debug|Any CPU.Build.0 = Debug|Any CPU
		{7D6FE206-0D7C-4342-ADD1-A076057E99AF}.Release|Any CPU.ActiveCfg = Release|Any CPU
		{7D6FE206-0D7C-4342-ADD1-A076057E99AF}.Release|Any CPU.Build.0 = Release|Any CPU
		{1CFFD490-9BD1-4B11-912C-63A24F6BB0D5}.Debug|Any CPU.ActiveCfg = Debug|Any CPU
		{1CFFD490-9BD1-4B11-912C-63A24F6BB0D5}.Debug|Any CPU.Build.0 = Debug|Any CPU
		{1CFFD490-9BD1-4B11-912C-63A24F6BB0D5}.Release|Any CPU.ActiveCfg = Release|Any CPU
		{1CFFD490-9BD1-4B11-912C-63A24F6BB0D5}.Release|Any CPU.Build.0 = Release|Any CPU
		{199A95AA-5EE1-4207-937B-EB8E3500A969}.Debug|Any CPU.ActiveCfg = Debug|Any CPU
		{199A95AA-5EE1-4207-937B-EB8E3500A969}.Debug|Any CPU.Build.0 = Debug|Any CPU
		{199A95AA-5EE1-4207-937B-EB8E3500A969}.Release|Any CPU.ActiveCfg = Release|Any CPU
		{199A95AA-5EE1-4207-937B-EB8E3500A969}.Release|Any CPU.Build.0 = Release|Any CPU
		{8C59B39B-172B-4CEA-9F2B-01AC6B7A0587}.Debug|Any CPU.ActiveCfg = Debug|Any CPU
		{8C59B39B-172B-4CEA-9F2B-01AC6B7A0587}.Debug|Any CPU.Build.0 = Debug|Any CPU
		{8C59B39B-172B-4CEA-9F2B-01AC6B7A0587}.Release|Any CPU.ActiveCfg = Release|Any CPU
		{8C59B39B-172B-4CEA-9F2B-01AC6B7A0587}.Release|Any CPU.Build.0 = Release|Any CPU
		{D7C23D09-3E41-4B7A-9AE6-E8C8B91321EA}.Debug|Any CPU.ActiveCfg = Debug|Any CPU
		{D7C23D09-3E41-4B7A-9AE6-E8C8B91321EA}.Debug|Any CPU.Build.0 = Debug|Any CPU
		{D7C23D09-3E41-4B7A-9AE6-E8C8B91321EA}.Release|Any CPU.ActiveCfg = Release|Any CPU
		{D7C23D09-3E41-4B7A-9AE6-E8C8B91321EA}.Release|Any CPU.Build.0 = Release|Any CPU
		{FF6E7172-02B6-476D-9509-F10615B5AA7D}.Debug|Any CPU.ActiveCfg = Debug|Any CPU
		{FF6E7172-02B6-476D-9509-F10615B5AA7D}.Debug|Any CPU.Build.0 = Debug|Any CPU
		{FF6E7172-02B6-476D-9509-F10615B5AA7D}.Release|Any CPU.ActiveCfg = Release|Any CPU
		{FF6E7172-02B6-476D-9509-F10615B5AA7D}.Release|Any CPU.Build.0 = Release|Any CPU
	EndGlobalSection
	GlobalSection(SolutionProperties) = preSolution
		HideSolutionNode = FALSE
	EndGlobalSection
	GlobalSection(ExtensibilityGlobals) = postSolution
		SolutionGuid = {1E16CA92-F1D9-4555-A3C5-66884DAEE927}
	EndGlobalSection
EndGlobal
