
Microsoft Visual Studio Solution File, Format Version 12.00
# Visual Studio 15
VisualStudioVersion = 15.0.27004.2002
MinimumVisualStudioVersion = 10.0.40219.1
Project("{FAE04EC0-301F-11D3-BF4B-00C04F79EFBC}") = "Poke_Mon", "Poke_Mon\Poke_Mon.csproj", "{87C19BB6-EC10-41E9-8004-DC08451F7E80}"
EndProject
Project("{FAE04EC0-301F-11D3-BF4B-00C04F79EFBC}") = "Pokemon_Dont_Go", "Pokemon_Dont_Go\Pokemon_Dont_Go.csproj", "{90F5D4C1-281D-445E-8530-D75811584F66}"
EndProject
Project("{FAE04EC0-301F-11D3-BF4B-00C04F79EFBC}") = "Regexmon", "Regexmon\Regexmon.csproj", "{DD5E840A-63B1-4716-8466-9887CDAE1122}"
EndProject
Project("{FAE04EC0-301F-11D3-BF4B-00C04F79EFBC}") = "Pokemon_Evolution", "Pokemon_Evolution\Pokemon_Evolution.csproj", "{E07F457B-555D-46D4-9421-72CCC0010E4F}"
EndProject
Global
	GlobalSection(SolutionConfigurationPlatforms) = preSolution
		Debug|Any CPU = Debug|Any CPU
		Release|Any CPU = Release|Any CPU
	EndGlobalSection
	GlobalSection(ProjectConfigurationPlatforms) = postSolution
		{87C19BB6-EC10-41E9-8004-DC08451F7E80}.Debug|Any CPU.ActiveCfg = Debug|Any CPU
		{87C19BB6-EC10-41E9-8004-DC08451F7E80}.Debug|Any CPU.Build.0 = Debug|Any CPU
		{87C19BB6-EC10-41E9-8004-DC08451F7E80}.Release|Any CPU.ActiveCfg = Release|Any CPU
		{87C19BB6-EC10-41E9-8004-DC08451F7E80}.Release|Any CPU.Build.0 = Release|Any CPU
		{90F5D4C1-281D-445E-8530-D75811584F66}.Debug|Any CPU.ActiveCfg = Debug|Any CPU
		{90F5D4C1-281D-445E-8530-D75811584F66}.Debug|Any CPU.Build.0 = Debug|Any CPU
		{90F5D4C1-281D-445E-8530-D75811584F66}.Release|Any CPU.ActiveCfg = Release|Any CPU
		{90F5D4C1-281D-445E-8530-D75811584F66}.Release|Any CPU.Build.0 = Release|Any CPU
		{DD5E840A-63B1-4716-8466-9887CDAE1122}.Debug|Any CPU.ActiveCfg = Debug|Any CPU
		{DD5E840A-63B1-4716-8466-9887CDAE1122}.Debug|Any CPU.Build.0 = Debug|Any CPU
		{DD5E840A-63B1-4716-8466-9887CDAE1122}.Release|Any CPU.ActiveCfg = Release|Any CPU
		{DD5E840A-63B1-4716-8466-9887CDAE1122}.Release|Any CPU.Build.0 = Release|Any CPU
		{E07F457B-555D-46D4-9421-72CCC0010E4F}.Debug|Any CPU.ActiveCfg = Debug|Any CPU
		{E07F457B-555D-46D4-9421-72CCC0010E4F}.Debug|Any CPU.Build.0 = Debug|Any CPU
		{E07F457B-555D-46D4-9421-72CCC0010E4F}.Release|Any CPU.ActiveCfg = Release|Any CPU
		{E07F457B-555D-46D4-9421-72CCC0010E4F}.Release|Any CPU.Build.0 = Release|Any CPU
	EndGlobalSection
	GlobalSection(SolutionProperties) = preSolution
		HideSolutionNode = FALSE
	EndGlobalSection
	GlobalSection(ExtensibilityGlobals) = postSolution
		SolutionGuid = {EB80AA2B-5D57-431E-B2C6-E40AA1B94D96}
	EndGlobalSection
EndGlobal
