
Microsoft Visual Studio Solution File, Format Version 12.00
# Visual Studio 15
VisualStudioVersion = 15.0.27004.2002
MinimumVisualStudioVersion = 10.0.40219.1
Project("{FAE04EC0-301F-11D3-BF4B-00C04F79EFBC}") = "SortTimes", "SortTimes\SortTimes.csproj", "{F96F1207-E20D-4BE0-8481-8411DF0D46FC}"
EndProject
Project("{FAE04EC0-301F-11D3-BF4B-00C04F79EFBC}") = "OddFilter", "OddFilter\OddFilter.csproj", "{59CAD117-6B78-4471-B573-4D3E5EDDF4FE}"
EndProject
Project("{FAE04EC0-301F-11D3-BF4B-00C04F79EFBC}") = "ImmuneSystem", "ImmuneSystem\ImmuneSystem.csproj", "{F3065E20-8353-476B-9D52-2E21D1C11113}"
EndProject
Project("{FAE04EC0-301F-11D3-BF4B-00C04F79EFBC}") = "SupermarketDatabase", "SupermarketDatabase\SupermarketDatabase.csproj", "{5E3BAC04-5098-43C4-9D69-C28C26744945}"
EndProject
Global
	GlobalSection(SolutionConfigurationPlatforms) = preSolution
		Debug|Any CPU = Debug|Any CPU
		Release|Any CPU = Release|Any CPU
	EndGlobalSection
	GlobalSection(ProjectConfigurationPlatforms) = postSolution
		{F96F1207-E20D-4BE0-8481-8411DF0D46FC}.Debug|Any CPU.ActiveCfg = Debug|Any CPU
		{F96F1207-E20D-4BE0-8481-8411DF0D46FC}.Debug|Any CPU.Build.0 = Debug|Any CPU
		{F96F1207-E20D-4BE0-8481-8411DF0D46FC}.Release|Any CPU.ActiveCfg = Release|Any CPU
		{F96F1207-E20D-4BE0-8481-8411DF0D46FC}.Release|Any CPU.Build.0 = Release|Any CPU
		{59CAD117-6B78-4471-B573-4D3E5EDDF4FE}.Debug|Any CPU.ActiveCfg = Debug|Any CPU
		{59CAD117-6B78-4471-B573-4D3E5EDDF4FE}.Debug|Any CPU.Build.0 = Debug|Any CPU
		{59CAD117-6B78-4471-B573-4D3E5EDDF4FE}.Release|Any CPU.ActiveCfg = Release|Any CPU
		{59CAD117-6B78-4471-B573-4D3E5EDDF4FE}.Release|Any CPU.Build.0 = Release|Any CPU
		{F3065E20-8353-476B-9D52-2E21D1C11113}.Debug|Any CPU.ActiveCfg = Debug|Any CPU
		{F3065E20-8353-476B-9D52-2E21D1C11113}.Debug|Any CPU.Build.0 = Debug|Any CPU
		{F3065E20-8353-476B-9D52-2E21D1C11113}.Release|Any CPU.ActiveCfg = Release|Any CPU
		{F3065E20-8353-476B-9D52-2E21D1C11113}.Release|Any CPU.Build.0 = Release|Any CPU
		{5E3BAC04-5098-43C4-9D69-C28C26744945}.Debug|Any CPU.ActiveCfg = Debug|Any CPU
		{5E3BAC04-5098-43C4-9D69-C28C26744945}.Debug|Any CPU.Build.0 = Debug|Any CPU
		{5E3BAC04-5098-43C4-9D69-C28C26744945}.Release|Any CPU.ActiveCfg = Release|Any CPU
		{5E3BAC04-5098-43C4-9D69-C28C26744945}.Release|Any CPU.Build.0 = Release|Any CPU
	EndGlobalSection
	GlobalSection(SolutionProperties) = preSolution
		HideSolutionNode = FALSE
	EndGlobalSection
	GlobalSection(ExtensibilityGlobals) = postSolution
		SolutionGuid = {F1D6FF8D-B561-42B7-84C2-429F64FD83E1}
	EndGlobalSection
EndGlobal
