
Microsoft Visual Studio Solution File, Format Version 12.00
# Visual Studio 15
VisualStudioVersion = 15.0.27004.2002
MinimumVisualStudioVersion = 10.0.40219.1
Project("{FAE04EC0-301F-11D3-BF4B-00C04F79EFBC}") = "Sino_The_Walker", "Sino_The_Walker\Sino_The_Walker.csproj", "{C8142EC7-64C8-4AE1-97A4-E8992755526A}"
EndProject
Project("{FAE04EC0-301F-11D3-BF4B-00C04F79EFBC}") = "SoftUni_Karaoke", "SoftUni_Karaoke\SoftUni_Karaoke.csproj", "{B56E255A-E10A-42E8-BD33-CAE64882E90A}"
EndProject
Project("{FAE04EC0-301F-11D3-BF4B-00C04F79EFBC}") = "Endurance_Rally", "Endurance_Rally\Endurance_Rally.csproj", "{304F32EA-C295-4DA0-AA93-8EBD95CFCE26}"
EndProject
Project("{FAE04EC0-301F-11D3-BF4B-00C04F79EFBC}") = "Winning_Ticket", "Winning_Ticket\Winning_Ticket.csproj", "{15D3A260-7694-4918-8152-74418362262E}"
EndProject
Global
	GlobalSection(SolutionConfigurationPlatforms) = preSolution
		Debug|Any CPU = Debug|Any CPU
		Release|Any CPU = Release|Any CPU
	EndGlobalSection
	GlobalSection(ProjectConfigurationPlatforms) = postSolution
		{C8142EC7-64C8-4AE1-97A4-E8992755526A}.Debug|Any CPU.ActiveCfg = Debug|Any CPU
		{C8142EC7-64C8-4AE1-97A4-E8992755526A}.Debug|Any CPU.Build.0 = Debug|Any CPU
		{C8142EC7-64C8-4AE1-97A4-E8992755526A}.Release|Any CPU.ActiveCfg = Release|Any CPU
		{C8142EC7-64C8-4AE1-97A4-E8992755526A}.Release|Any CPU.Build.0 = Release|Any CPU
		{B56E255A-E10A-42E8-BD33-CAE64882E90A}.Debug|Any CPU.ActiveCfg = Debug|Any CPU
		{B56E255A-E10A-42E8-BD33-CAE64882E90A}.Debug|Any CPU.Build.0 = Debug|Any CPU
		{B56E255A-E10A-42E8-BD33-CAE64882E90A}.Release|Any CPU.ActiveCfg = Release|Any CPU
		{B56E255A-E10A-42E8-BD33-CAE64882E90A}.Release|Any CPU.Build.0 = Release|Any CPU
		{304F32EA-C295-4DA0-AA93-8EBD95CFCE26}.Debug|Any CPU.ActiveCfg = Debug|Any CPU
		{304F32EA-C295-4DA0-AA93-8EBD95CFCE26}.Debug|Any CPU.Build.0 = Debug|Any CPU
		{304F32EA-C295-4DA0-AA93-8EBD95CFCE26}.Release|Any CPU.ActiveCfg = Release|Any CPU
		{304F32EA-C295-4DA0-AA93-8EBD95CFCE26}.Release|Any CPU.Build.0 = Release|Any CPU
		{15D3A260-7694-4918-8152-74418362262E}.Debug|Any CPU.ActiveCfg = Debug|Any CPU
		{15D3A260-7694-4918-8152-74418362262E}.Debug|Any CPU.Build.0 = Debug|Any CPU
		{15D3A260-7694-4918-8152-74418362262E}.Release|Any CPU.ActiveCfg = Release|Any CPU
		{15D3A260-7694-4918-8152-74418362262E}.Release|Any CPU.Build.0 = Release|Any CPU
	EndGlobalSection
	GlobalSection(SolutionProperties) = preSolution
		HideSolutionNode = FALSE
	EndGlobalSection
	GlobalSection(ExtensibilityGlobals) = postSolution
		SolutionGuid = {01A080FB-BC7A-4AA7-B8DF-6B683C303A3C}
	EndGlobalSection
EndGlobal
