
Microsoft Visual Studio Solution File, Format Version 12.00
# Visual Studio 15
VisualStudioVersion = 15.0.27004.2002
MinimumVisualStudioVersion = 10.0.40219.1
Project("{FAE04EC0-301F-11D3-BF4B-00C04F79EFBC}") = "Sweet_Dessert", "Sweet_Dessert\Sweet_Dessert.csproj", "{4915D450-B468-4823-9E62-26BD68AC6646}"
EndProject
Project("{FAE04EC0-301F-11D3-BF4B-00C04F79EFBC}") = "Array_Manipulator", "Array_Manipulator\Array_Manipulator.csproj", "{1E347910-540E-4A25-A1FA-9FCA353A0254}"
EndProject
Project("{FAE04EC0-301F-11D3-BF4B-00C04F79EFBC}") = "Football_League", "Football_League\Football_League.csproj", "{F570E2F2-9775-4F95-B5EC-800E2B67D0D3}"
EndProject
Project("{FAE04EC0-301F-11D3-BF4B-00C04F79EFBC}") = "Cubic_Messages", "Cubic_Messages\Cubic_Messages.csproj", "{4C45255E-E955-4A8D-BA31-E316E8F285DD}"
EndProject
Global
	GlobalSection(SolutionConfigurationPlatforms) = preSolution
		Debug|Any CPU = Debug|Any CPU
		Release|Any CPU = Release|Any CPU
	EndGlobalSection
	GlobalSection(ProjectConfigurationPlatforms) = postSolution
		{4915D450-B468-4823-9E62-26BD68AC6646}.Debug|Any CPU.ActiveCfg = Debug|Any CPU
		{4915D450-B468-4823-9E62-26BD68AC6646}.Debug|Any CPU.Build.0 = Debug|Any CPU
		{4915D450-B468-4823-9E62-26BD68AC6646}.Release|Any CPU.ActiveCfg = Release|Any CPU
		{4915D450-B468-4823-9E62-26BD68AC6646}.Release|Any CPU.Build.0 = Release|Any CPU
		{1E347910-540E-4A25-A1FA-9FCA353A0254}.Debug|Any CPU.ActiveCfg = Debug|Any CPU
		{1E347910-540E-4A25-A1FA-9FCA353A0254}.Debug|Any CPU.Build.0 = Debug|Any CPU
		{1E347910-540E-4A25-A1FA-9FCA353A0254}.Release|Any CPU.ActiveCfg = Release|Any CPU
		{1E347910-540E-4A25-A1FA-9FCA353A0254}.Release|Any CPU.Build.0 = Release|Any CPU
		{F570E2F2-9775-4F95-B5EC-800E2B67D0D3}.Debug|Any CPU.ActiveCfg = Debug|Any CPU
		{F570E2F2-9775-4F95-B5EC-800E2B67D0D3}.Debug|Any CPU.Build.0 = Debug|Any CPU
		{F570E2F2-9775-4F95-B5EC-800E2B67D0D3}.Release|Any CPU.ActiveCfg = Release|Any CPU
		{F570E2F2-9775-4F95-B5EC-800E2B67D0D3}.Release|Any CPU.Build.0 = Release|Any CPU
		{4C45255E-E955-4A8D-BA31-E316E8F285DD}.Debug|Any CPU.ActiveCfg = Debug|Any CPU
		{4C45255E-E955-4A8D-BA31-E316E8F285DD}.Debug|Any CPU.Build.0 = Debug|Any CPU
		{4C45255E-E955-4A8D-BA31-E316E8F285DD}.Release|Any CPU.ActiveCfg = Release|Any CPU
		{4C45255E-E955-4A8D-BA31-E316E8F285DD}.Release|Any CPU.Build.0 = Release|Any CPU
	EndGlobalSection
	GlobalSection(SolutionProperties) = preSolution
		HideSolutionNode = FALSE
	EndGlobalSection
	GlobalSection(ExtensibilityGlobals) = postSolution
		SolutionGuid = {DC6A67ED-7B1D-40E0-A4C8-FF0C43F8BBB0}
	EndGlobalSection
EndGlobal
