
Microsoft Visual Studio Solution File, Format Version 12.00
# Visual Studio 15
VisualStudioVersion = 15.0.27004.2002
MinimumVisualStudioVersion = 10.0.40219.1
Project("{FAE04EC0-301F-11D3-BF4B-00C04F79EFBC}") = "SoftUni_Coffee_Orders", "SoftUni_Coffee_Orders\SoftUni_Coffee_Orders.csproj", "{FF5591E9-D28C-478B-97E1-6A4D96F96EE8}"
EndProject
Project("{FAE04EC0-301F-11D3-BF4B-00C04F79EFBC}") = "Command_Interpreter", "Command_Interpreter\Command_Interpreter.csproj", "{9916D9B9-7EB5-4B16-9A84-1FEDD2AE704F}"
EndProject
Project("{FAE04EC0-301F-11D3-BF4B-00C04F79EFBC}") = "Rage_Quit", "Rage_Quit\Rage_Quit.csproj", "{9033D66A-DE9E-484A-A1C3-A8F6F9CD14EC}"
EndProject
Project("{FAE04EC0-301F-11D3-BF4B-00C04F79EFBC}") = "Files", "Files\Files.csproj", "{21F20F3C-FF24-4D4C-AA10-3A300A24B08A}"
EndProject
Project("{FAE04EC0-301F-11D3-BF4B-00C04F79EFBC}") = "Files_Another_Aproach", "Files_Another_Aproach\Files_Another_Aproach.csproj", "{16A7A74C-B621-466A-A1C1-8B48F271F46B}"
EndProject
Project("{FAE04EC0-301F-11D3-BF4B-00C04F79EFBC}") = "Files_Another_Try", "Files_Another_Try\Files_Another_Try.csproj", "{6BEABAF2-E1FB-4478-A69A-33C0CCCA2C44}"
EndProject
Project("{FAE04EC0-301F-11D3-BF4B-00C04F79EFBC}") = "Files_Nakov", "Files_Nakov\Files_Nakov.csproj", "{3040D332-A4A1-4732-A5F6-74FA0CC66606}"
EndProject
Global
	GlobalSection(SolutionConfigurationPlatforms) = preSolution
		Debug|Any CPU = Debug|Any CPU
		Release|Any CPU = Release|Any CPU
	EndGlobalSection
	GlobalSection(ProjectConfigurationPlatforms) = postSolution
		{FF5591E9-D28C-478B-97E1-6A4D96F96EE8}.Debug|Any CPU.ActiveCfg = Debug|Any CPU
		{FF5591E9-D28C-478B-97E1-6A4D96F96EE8}.Debug|Any CPU.Build.0 = Debug|Any CPU
		{FF5591E9-D28C-478B-97E1-6A4D96F96EE8}.Release|Any CPU.ActiveCfg = Release|Any CPU
		{FF5591E9-D28C-478B-97E1-6A4D96F96EE8}.Release|Any CPU.Build.0 = Release|Any CPU
		{9916D9B9-7EB5-4B16-9A84-1FEDD2AE704F}.Debug|Any CPU.ActiveCfg = Debug|Any CPU
		{9916D9B9-7EB5-4B16-9A84-1FEDD2AE704F}.Debug|Any CPU.Build.0 = Debug|Any CPU
		{9916D9B9-7EB5-4B16-9A84-1FEDD2AE704F}.Release|Any CPU.ActiveCfg = Release|Any CPU
		{9916D9B9-7EB5-4B16-9A84-1FEDD2AE704F}.Release|Any CPU.Build.0 = Release|Any CPU
		{9033D66A-DE9E-484A-A1C3-A8F6F9CD14EC}.Debug|Any CPU.ActiveCfg = Debug|Any CPU
		{9033D66A-DE9E-484A-A1C3-A8F6F9CD14EC}.Debug|Any CPU.Build.0 = Debug|Any CPU
		{9033D66A-DE9E-484A-A1C3-A8F6F9CD14EC}.Release|Any CPU.ActiveCfg = Release|Any CPU
		{9033D66A-DE9E-484A-A1C3-A8F6F9CD14EC}.Release|Any CPU.Build.0 = Release|Any CPU
		{21F20F3C-FF24-4D4C-AA10-3A300A24B08A}.Debug|Any CPU.ActiveCfg = Debug|Any CPU
		{21F20F3C-FF24-4D4C-AA10-3A300A24B08A}.Debug|Any CPU.Build.0 = Debug|Any CPU
		{21F20F3C-FF24-4D4C-AA10-3A300A24B08A}.Release|Any CPU.ActiveCfg = Release|Any CPU
		{21F20F3C-FF24-4D4C-AA10-3A300A24B08A}.Release|Any CPU.Build.0 = Release|Any CPU
		{16A7A74C-B621-466A-A1C1-8B48F271F46B}.Debug|Any CPU.ActiveCfg = Debug|Any CPU
		{16A7A74C-B621-466A-A1C1-8B48F271F46B}.Debug|Any CPU.Build.0 = Debug|Any CPU
		{16A7A74C-B621-466A-A1C1-8B48F271F46B}.Release|Any CPU.ActiveCfg = Release|Any CPU
		{16A7A74C-B621-466A-A1C1-8B48F271F46B}.Release|Any CPU.Build.0 = Release|Any CPU
		{6BEABAF2-E1FB-4478-A69A-33C0CCCA2C44}.Debug|Any CPU.ActiveCfg = Debug|Any CPU
		{6BEABAF2-E1FB-4478-A69A-33C0CCCA2C44}.Debug|Any CPU.Build.0 = Debug|Any CPU
		{6BEABAF2-E1FB-4478-A69A-33C0CCCA2C44}.Release|Any CPU.ActiveCfg = Release|Any CPU
		{6BEABAF2-E1FB-4478-A69A-33C0CCCA2C44}.Release|Any CPU.Build.0 = Release|Any CPU
		{3040D332-A4A1-4732-A5F6-74FA0CC66606}.Debug|Any CPU.ActiveCfg = Debug|Any CPU
		{3040D332-A4A1-4732-A5F6-74FA0CC66606}.Debug|Any CPU.Build.0 = Debug|Any CPU
		{3040D332-A4A1-4732-A5F6-74FA0CC66606}.Release|Any CPU.ActiveCfg = Release|Any CPU
		{3040D332-A4A1-4732-A5F6-74FA0CC66606}.Release|Any CPU.Build.0 = Release|Any CPU
	EndGlobalSection
	GlobalSection(SolutionProperties) = preSolution
		HideSolutionNode = FALSE
	EndGlobalSection
	GlobalSection(ExtensibilityGlobals) = postSolution
		SolutionGuid = {637CE6DC-55FF-495B-A317-DB5A92AB7B20}
	EndGlobalSection
EndGlobal
