
Microsoft Visual Studio Solution File, Format Version 12.00
# Visual Studio 15
VisualStudioVersion = 15.0.26430.16
MinimumVisualStudioVersion = 10.0.40219.1
Project("{FAE04EC0-301F-11D3-BF4B-00C04F79EFBC}") = "ChooseADrink", "ChooseADrink\ChooseADrink.csproj", "{AE69E873-F899-45C4-81D3-3A66097ECCC5}"
EndProject
Project("{FAE04EC0-301F-11D3-BF4B-00C04F79EFBC}") = "ChooseADrink2.0", "ChooseADrink2.0\ChooseADrink2.0.csproj", "{ABEE0D4F-4AEA-41E6-95A5-863491F16071}"
EndProject
Project("{FAE04EC0-301F-11D3-BF4B-00C04F79EFBC}") = "RestaurantDiscount", "RestaurantDiscount\RestaurantDiscount.csproj", "{ECCA0D27-B635-443A-B959-EAB95C80FFF5}"
EndProject
Project("{FAE04EC0-301F-11D3-BF4B-00C04F79EFBC}") = "Hotel", "Hotel\Hotel.csproj", "{E12829E0-A713-4EE8-B039-FFFC29207396}"
EndProject
Project("{FAE04EC0-301F-11D3-BF4B-00C04F79EFBC}") = "WordInPlural", "WordInPlural\WordInPlural.csproj", "{01509F6E-A28B-4389-80C4-70A0BAEF9FA9}"
EndProject
Project("{FAE04EC0-301F-11D3-BF4B-00C04F79EFBC}") = "IntervalOfNumbers", "IntervalOfNumbers\IntervalOfNumbers.csproj", "{2E8E7DB9-D76F-4B0F-988C-6420D34BD642}"
EndProject
Project("{FAE04EC0-301F-11D3-BF4B-00C04F79EFBC}") = "CakeIngredients", "CakeIngredients\CakeIngredients.csproj", "{6C37304F-44A1-449A-9F68-EF1D25BDF631}"
EndProject
Project("{FAE04EC0-301F-11D3-BF4B-00C04F79EFBC}") = "CaloriesCounter", "CaloriesCounter\CaloriesCounter.csproj", "{316253CB-41DE-4460-AB80-620C60278C5D}"
EndProject
Project("{FAE04EC0-301F-11D3-BF4B-00C04F79EFBC}") = "CountTheIntegers", "CountTheIntegers\CountTheIntegers.csproj", "{ADB35CD5-E770-44DF-ABD8-A901B6C600FC}"
EndProject
Project("{FAE04EC0-301F-11D3-BF4B-00C04F79EFBC}") = "TriangleOfNumbers", "TriangleOfNumbers\TriangleOfNumbers.csproj", "{8AF5E6E2-5644-4705-972D-BF5CB4256A49}"
EndProject
Project("{FAE04EC0-301F-11D3-BF4B-00C04F79EFBC}") = "FiveDifferentNumbers", "FiveDifferentNumbers\FiveDifferentNumbers.csproj", "{D4842A12-C13E-48F1-9C81-2F307C6D0092}"
EndProject
Project("{FAE04EC0-301F-11D3-BF4B-00C04F79EFBC}") = "TestNumbers", "TestNumbers\TestNumbers.csproj", "{751AB863-E42E-48E7-9A60-68BAFF9C8540}"
EndProject
Project("{FAE04EC0-301F-11D3-BF4B-00C04F79EFBC}") = "GameOfNumbers", "GameOfNumbers\GameOfNumbers.csproj", "{78A71624-1BA2-4128-8403-51CD511546E5}"
EndProject
Project("{FAE04EC0-301F-11D3-BF4B-00C04F79EFBC}") = "MagicLetter", "MagicLetter\MagicLetter.csproj", "{1D73378D-A4E1-48B2-AFD2-D6DF85C0FDE4}"
EndProject
Project("{FAE04EC0-301F-11D3-BF4B-00C04F79EFBC}") = "NeighbourWars", "NeighbourWars\NeighbourWars.csproj", "{082A356B-C7BC-4472-B420-EE316198359E}"
EndProject
Global
	GlobalSection(SolutionConfigurationPlatforms) = preSolution
		Debug|Any CPU = Debug|Any CPU
		Release|Any CPU = Release|Any CPU
	EndGlobalSection
	GlobalSection(ProjectConfigurationPlatforms) = postSolution
		{AE69E873-F899-45C4-81D3-3A66097ECCC5}.Debug|Any CPU.ActiveCfg = Debug|Any CPU
		{AE69E873-F899-45C4-81D3-3A66097ECCC5}.Debug|Any CPU.Build.0 = Debug|Any CPU
		{AE69E873-F899-45C4-81D3-3A66097ECCC5}.Release|Any CPU.ActiveCfg = Release|Any CPU
		{AE69E873-F899-45C4-81D3-3A66097ECCC5}.Release|Any CPU.Build.0 = Release|Any CPU
		{ABEE0D4F-4AEA-41E6-95A5-863491F16071}.Debug|Any CPU.ActiveCfg = Debug|Any CPU
		{ABEE0D4F-4AEA-41E6-95A5-863491F16071}.Debug|Any CPU.Build.0 = Debug|Any CPU
		{ABEE0D4F-4AEA-41E6-95A5-863491F16071}.Release|Any CPU.ActiveCfg = Release|Any CPU
		{ABEE0D4F-4AEA-41E6-95A5-863491F16071}.Release|Any CPU.Build.0 = Release|Any CPU
		{ECCA0D27-B635-443A-B959-EAB95C80FFF5}.Debug|Any CPU.ActiveCfg = Debug|Any CPU
		{ECCA0D27-B635-443A-B959-EAB95C80FFF5}.Debug|Any CPU.Build.0 = Debug|Any CPU
		{ECCA0D27-B635-443A-B959-EAB95C80FFF5}.Release|Any CPU.ActiveCfg = Release|Any CPU
		{ECCA0D27-B635-443A-B959-EAB95C80FFF5}.Release|Any CPU.Build.0 = Release|Any CPU
		{E12829E0-A713-4EE8-B039-FFFC29207396}.Debug|Any CPU.ActiveCfg = Debug|Any CPU
		{E12829E0-A713-4EE8-B039-FFFC29207396}.Debug|Any CPU.Build.0 = Debug|Any CPU
		{E12829E0-A713-4EE8-B039-FFFC29207396}.Release|Any CPU.ActiveCfg = Release|Any CPU
		{E12829E0-A713-4EE8-B039-FFFC29207396}.Release|Any CPU.Build.0 = Release|Any CPU
		{01509F6E-A28B-4389-80C4-70A0BAEF9FA9}.Debug|Any CPU.ActiveCfg = Debug|Any CPU
		{01509F6E-A28B-4389-80C4-70A0BAEF9FA9}.Debug|Any CPU.Build.0 = Debug|Any CPU
		{01509F6E-A28B-4389-80C4-70A0BAEF9FA9}.Release|Any CPU.ActiveCfg = Release|Any CPU
		{01509F6E-A28B-4389-80C4-70A0BAEF9FA9}.Release|Any CPU.Build.0 = Release|Any CPU
		{2E8E7DB9-D76F-4B0F-988C-6420D34BD642}.Debug|Any CPU.ActiveCfg = Debug|Any CPU
		{2E8E7DB9-D76F-4B0F-988C-6420D34BD642}.Debug|Any CPU.Build.0 = Debug|Any CPU
		{2E8E7DB9-D76F-4B0F-988C-6420D34BD642}.Release|Any CPU.ActiveCfg = Release|Any CPU
		{2E8E7DB9-D76F-4B0F-988C-6420D34BD642}.Release|Any CPU.Build.0 = Release|Any CPU
		{6C37304F-44A1-449A-9F68-EF1D25BDF631}.Debug|Any CPU.ActiveCfg = Debug|Any CPU
		{6C37304F-44A1-449A-9F68-EF1D25BDF631}.Debug|Any CPU.Build.0 = Debug|Any CPU
		{6C37304F-44A1-449A-9F68-EF1D25BDF631}.Release|Any CPU.ActiveCfg = Release|Any CPU
		{6C37304F-44A1-449A-9F68-EF1D25BDF631}.Release|Any CPU.Build.0 = Release|Any CPU
		{316253CB-41DE-4460-AB80-620C60278C5D}.Debug|Any CPU.ActiveCfg = Debug|Any CPU
		{316253CB-41DE-4460-AB80-620C60278C5D}.Debug|Any CPU.Build.0 = Debug|Any CPU
		{316253CB-41DE-4460-AB80-620C60278C5D}.Release|Any CPU.ActiveCfg = Release|Any CPU
		{316253CB-41DE-4460-AB80-620C60278C5D}.Release|Any CPU.Build.0 = Release|Any CPU
		{ADB35CD5-E770-44DF-ABD8-A901B6C600FC}.Debug|Any CPU.ActiveCfg = Debug|Any CPU
		{ADB35CD5-E770-44DF-ABD8-A901B6C600FC}.Debug|Any CPU.Build.0 = Debug|Any CPU
		{ADB35CD5-E770-44DF-ABD8-A901B6C600FC}.Release|Any CPU.ActiveCfg = Release|Any CPU
		{ADB35CD5-E770-44DF-ABD8-A901B6C600FC}.Release|Any CPU.Build.0 = Release|Any CPU
		{8AF5E6E2-5644-4705-972D-BF5CB4256A49}.Debug|Any CPU.ActiveCfg = Debug|Any CPU
		{8AF5E6E2-5644-4705-972D-BF5CB4256A49}.Debug|Any CPU.Build.0 = Debug|Any CPU
		{8AF5E6E2-5644-4705-972D-BF5CB4256A49}.Release|Any CPU.ActiveCfg = Release|Any CPU
		{8AF5E6E2-5644-4705-972D-BF5CB4256A49}.Release|Any CPU.Build.0 = Release|Any CPU
		{D4842A12-C13E-48F1-9C81-2F307C6D0092}.Debug|Any CPU.ActiveCfg = Debug|Any CPU
		{D4842A12-C13E-48F1-9C81-2F307C6D0092}.Debug|Any CPU.Build.0 = Debug|Any CPU
		{D4842A12-C13E-48F1-9C81-2F307C6D0092}.Release|Any CPU.ActiveCfg = Release|Any CPU
		{D4842A12-C13E-48F1-9C81-2F307C6D0092}.Release|Any CPU.Build.0 = Release|Any CPU
		{751AB863-E42E-48E7-9A60-68BAFF9C8540}.Debug|Any CPU.ActiveCfg = Debug|Any CPU
		{751AB863-E42E-48E7-9A60-68BAFF9C8540}.Debug|Any CPU.Build.0 = Debug|Any CPU
		{751AB863-E42E-48E7-9A60-68BAFF9C8540}.Release|Any CPU.ActiveCfg = Release|Any CPU
		{751AB863-E42E-48E7-9A60-68BAFF9C8540}.Release|Any CPU.Build.0 = Release|Any CPU
		{78A71624-1BA2-4128-8403-51CD511546E5}.Debug|Any CPU.ActiveCfg = Debug|Any CPU
		{78A71624-1BA2-4128-8403-51CD511546E5}.Debug|Any CPU.Build.0 = Debug|Any CPU
		{78A71624-1BA2-4128-8403-51CD511546E5}.Release|Any CPU.ActiveCfg = Release|Any CPU
		{78A71624-1BA2-4128-8403-51CD511546E5}.Release|Any CPU.Build.0 = Release|Any CPU
		{1D73378D-A4E1-48B2-AFD2-D6DF85C0FDE4}.Debug|Any CPU.ActiveCfg = Debug|Any CPU
		{1D73378D-A4E1-48B2-AFD2-D6DF85C0FDE4}.Debug|Any CPU.Build.0 = Debug|Any CPU
		{1D73378D-A4E1-48B2-AFD2-D6DF85C0FDE4}.Release|Any CPU.ActiveCfg = Release|Any CPU
		{1D73378D-A4E1-48B2-AFD2-D6DF85C0FDE4}.Release|Any CPU.Build.0 = Release|Any CPU
		{082A356B-C7BC-4472-B420-EE316198359E}.Debug|Any CPU.ActiveCfg = Debug|Any CPU
		{082A356B-C7BC-4472-B420-EE316198359E}.Debug|Any CPU.Build.0 = Debug|Any CPU
		{082A356B-C7BC-4472-B420-EE316198359E}.Release|Any CPU.ActiveCfg = Release|Any CPU
		{082A356B-C7BC-4472-B420-EE316198359E}.Release|Any CPU.Build.0 = Release|Any CPU
	EndGlobalSection
	GlobalSection(SolutionProperties) = preSolution
		HideSolutionNode = FALSE
	EndGlobalSection
EndGlobal
